
Microsoft Visual Studio Solution File, Format Version 12.00
# Visual Studio Version 17
VisualStudioVersion = 17.8.34525.116
MinimumVisualStudioVersion = 10.0.40219.1
Project("{FAE04EC0-301F-11D3-BF4B-00C04F79EFBC}") = "SunSynkTray", "SunSynkTray\SunSynkTray.csproj", "{C3DD6761-C643-4361-8891-91ACF433A875}"
EndProject
Project("{54435603-DBB4-11D2-8724-00A0C9A8B90C}") = "SunSynkTrayInstaller", "SunSynkTrayInstaller\SunSynkTrayInstaller.vdproj", "{4397DEE8-A66A-4B4F-8A67-954E7DCB129B}"
EndProject
Global
	GlobalSection(SolutionConfigurationPlatforms) = preSolution
		Debug|Any CPU = Debug|Any CPU
		Release|Any CPU = Release|Any CPU
	EndGlobalSection
	GlobalSection(ProjectConfigurationPlatforms) = postSolution
		{C3DD6761-C643-4361-8891-91ACF433A875}.Debug|Any CPU.ActiveCfg = Debug|Any CPU
		{C3DD6761-C643-4361-8891-91ACF433A875}.Debug|Any CPU.Build.0 = Debug|Any CPU
		{C3DD6761-C643-4361-8891-91ACF433A875}.Release|Any CPU.ActiveCfg = Release|Any CPU
		{C3DD6761-C643-4361-8891-91ACF433A875}.Release|Any CPU.Build.0 = Release|Any CPU
		{4397DEE8-A66A-4B4F-8A67-954E7DCB129B}.Debug|Any CPU.ActiveCfg = Debug
		{4397DEE8-A66A-4B4F-8A67-954E7DCB129B}.Release|Any CPU.ActiveCfg = Release
	EndGlobalSection
	GlobalSection(SolutionProperties) = preSolution
		HideSolutionNode = FALSE
	EndGlobalSection
	GlobalSection(ExtensibilityGlobals) = postSolution
		SolutionGuid = {417B223C-0DDD-4EEB-A004-9914E88E4D8F}
	EndGlobalSection
EndGlobal
